# This file is @generated by PDM.
# It is not intended for manual editing.

[metadata]
groups = ["default"]
strategy = ["cross_platform", "inherit_metadata"]
lock_version = "4.4.1"
content_hash = "sha256:175cdf1c2057eee9909a9991d64649998593f80deac879d0e9028d6c0178324c"

[[package]]
name = "libloader"
version = "0.21"
summary = ""
groups = ["default"]
files = [
    {file = "libloader-0.21-py2.py3-none-any.whl", hash = "sha256:92d88169d65c4707a3c841ca955823e7be6774dcd5f6af27d201cae737163f8c"},
    {file = "libloader-0.21.tar.gz", hash = "sha256:8311bcb4a7a4baf717a06e47d87da0ea14708987d9f46fcbc9fdd2361b2b311f"},
]

[[package]]
name = "platform-utils"
version = "1.5.1"
summary = "Cross-platform utilities for accomplishing some tasks that the stdlib isn't equipped to provide"
groups = ["default"]
dependencies = [
    "pywin32; sys_platform == \"win32\"",
    "winpaths; sys_platform == \"win32\"",
]
files = [
    {file = "platform_utils-1.5.1-py2.py3-none-any.whl", hash = "sha256:7b47255f10dcced43f5a880597f9f22ebb0c160dd71fbf46dc8ee4f45e07bfdb"},
    {file = "platform_utils-1.5.1.tar.gz", hash = "sha256:f529220ec09f8c3db2ded7ed7ccbd7460b85f7d9c934f9247766ab1d2883aa7a"},
]

[[package]]
name = "pywin32"
version = "306"
summary = "Python for Window Extensions"
groups = ["default"]
marker = "sys_platform == \"win32\""
files = [
    {file = "pywin32-306-cp310-cp310-win32.whl", hash = "sha256:06d3420a5155ba65f0b72f2699b5bacf3109f36acbe8923765c22938a69dfc8d"},
    {file = "pywin32-306-cp310-cp310-win_amd64.whl", hash = "sha256:84f4471dbca1887ea3803d8848a1616429ac94a4a8d05f4bc9c5dcfd42ca99c8"},
    {file = "pywin32-306-cp311-cp311-win32.whl", hash = "sha256:e65028133d15b64d2ed8f06dd9fbc268352478d4f9289e69c190ecd6818b6407"},
    {file = "pywin32-306-cp311-cp311-win_amd64.whl", hash = "sha256:a7639f51c184c0272e93f244eb24dafca9b1855707d94c192d4a0b4c01e1100e"},
    {file = "pywin32-306-cp311-cp311-win_arm64.whl", hash = "sha256:70dba0c913d19f942a2db25217d9a1b726c278f483a919f1abfed79c9cf64d3a"},
    {file = "pywin32-306-cp39-cp39-win32.whl", hash = "sha256:e25fd5b485b55ac9c057f67d94bc203f3f6595078d1fb3b458c9c28b7153a802"},
    {file = "pywin32-306-cp39-cp39-win_amd64.whl", hash = "sha256:39b61c15272833b5c329a2989999dcae836b1eed650252ab1b7bfbe1d59f30f4"},
]

[[package]]
name = "readchar"
version = "4.0.5"
requires_python = ">=3.7"
summary = "Library to easily read single chars and key strokes"
groups = ["default"]
dependencies = [
    "setuptools>=41.0",
]
files = [
    {file = "readchar-4.0.5-py3-none-any.whl", hash = "sha256:76ec784a5dd2afac3b7da8003329834cdd9824294c260027f8c8d2e4d0a78f43"},
    {file = "readchar-4.0.5.tar.gz", hash = "sha256:08a456c2d7c1888cde3f4688b542621b676eb38cd6cfed7eb6cb2e2905ddc826"},
]

[[package]]
name = "setuptools"
version = "69.1.1"
requires_python = ">=3.8"
summary = "Easily download, build, install, upgrade, and uninstall Python packages"
groups = ["default"]
files = [
    {file = "setuptools-69.1.1-py3-none-any.whl", hash = "sha256:02fa291a0471b3a18b2b2481ed902af520c69e8ae0919c13da936542754b4c56"},
    {file = "setuptools-69.1.1.tar.gz", hash = "sha256:5c0806c7d9af348e6dd3777b4f4dbb42c7ad85b190104837488eab9a7c945cf8"},
]

[[package]]
name = "sound-lib"
version = "0.83"
summary = "Pythonic wrapper to the Bass sound library and various add-ons"
groups = ["default"]
dependencies = [
    "libloader",
    "platform-utils",
]
files = [
    {file = "sound_lib-0.83-py2.py3-none-any.whl", hash = "sha256:20039a18d4767b1687605c13b49bc7322802deb63b752ab8ad586512a35e6fea"},
    {file = "sound_lib-0.83.tar.gz", hash = "sha256:cac5e3112192cf9d13ac880fef6f82ca1346b6deccf80b2ffa16b7b792021f04"},
]

[[package]]
name = "winpaths"
version = "0.2"
summary = "Retrieves common Windows system paths as Unicode strings"
groups = ["default"]
marker = "sys_platform == \"win32\""
files = [
    {file = "winpaths-0.2.zip", hash = "sha256:c7d1ace9b963ba815b9b1df59ed1a0d5143754aa1662c7664310347c08abed56"},
]
